
Microsoft Visual Studio Solution File, Format Version 12.00
# Visual Studio 2012
Project("{2150E333-8FDC-42A3-9474-1A3956D46DE8}") = "SCMS.Fundations", "SCMS.Fundations", "{106BF336-3945-4950-9552-61930CE1882F}"
EndProject
Project("{2150E333-8FDC-42A3-9474-1A3956D46DE8}") = "SCMS.Platform", "SCMS.Platform", "{DE8FE107-9C46-466F-937D-160CF2EF5599}"
EndProject
Project("{FAE04EC0-301F-11D3-BF4B-00C04F79EFBC}") = "SOFTTEK.SCMS.Data", "SOFTTEK.SCMS.Data\SOFTTEK.SCMS.Data.csproj", "{4DAF155C-36C7-46CA-8C4B-90EE7D98D188}"
EndProject
Project("{FAE04EC0-301F-11D3-BF4B-00C04F79EFBC}") = "SOFTTEK.SCMS.Entity", "SOFTTEK.SCMS.Entity\SOFTTEK.SCMS.Entity.csproj", "{49EF75F0-469B-468E-823D-BD38D1AD991B}"
EndProject
Project("{FAE04EC0-301F-11D3-BF4B-00C04F79EFBC}") = "SOFTTEK.SCMS.Business", "SOFTTEK.SCMS.Business\SOFTTEK.SCMS.Business.csproj", "{55DFA82B-E487-4216-931A-DD3C1908418C}"
EndProject
Project("{00D1A9C2-B5F0-4AF3-8072-F6C62B433612}") = "SOFTTEK.SCMS.DB", "SOFTTEK.SCMS.DB\SOFTTEK.SCMS.DB.sqlproj", "{8CE5B14A-F91D-46F9-BB0A-A0A67CF78870}"
EndProject
Project("{FAE04EC0-301F-11D3-BF4B-00C04F79EFBC}") = "SOFTTEK.SCMS.Test", "SOFTTEK.SCMS.Test\SOFTTEK.SCMS.Test.csproj", "{D82510FF-BD0D-440B-B13A-E23DA5C2646A}"
EndProject
Project("{FAE04EC0-301F-11D3-BF4B-00C04F79EFBC}") = "SOFTTEK.SAP.Integration", "SOFTTEK.SAP.Integration\SOFTTEK.SAP.Integration.csproj", "{F4F1278C-029E-41BB-AD6C-54BB6469B341}"
EndProject
Project("{FAE04EC0-301F-11D3-BF4B-00C04F79EFBC}") = "SOFTTEK.SCMS.APP", "SOFTTEK.SCMS.APP\SOFTTEK.SCMS.APP.csproj", "{1C055631-1FD8-48FA-A1A9-30092AA4B903}"
EndProject
Project("{FAE04EC0-301F-11D3-BF4B-00C04F79EFBC}") = "SOFTTEK.SF.CodeGeneration", "SOFTTEK.SF.CodeGeneration\SOFTTEK.SF.CodeGeneration.csproj", "{962DB38A-9B51-4BFF-8870-8CE7F7AEB98C}"
EndProject
Project("{FAE04EC0-301F-11D3-BF4B-00C04F79EFBC}") = "SOFTTEK.SF.DataModel", "SOFTTEK.SF.DataModel\SOFTTEK.SF.DataModel.csproj", "{4901BA99-42C1-4BB0-9E56-95D76126DE31}"
EndProject
Global
	GlobalSection(SolutionConfigurationPlatforms) = preSolution
		Debug|Any CPU = Debug|Any CPU
		Release|Any CPU = Release|Any CPU
	EndGlobalSection
	GlobalSection(ProjectConfigurationPlatforms) = postSolution
		{4DAF155C-36C7-46CA-8C4B-90EE7D98D188}.Debug|Any CPU.ActiveCfg = Debug|Any CPU
		{4DAF155C-36C7-46CA-8C4B-90EE7D98D188}.Debug|Any CPU.Build.0 = Debug|Any CPU
		{4DAF155C-36C7-46CA-8C4B-90EE7D98D188}.Release|Any CPU.ActiveCfg = Release|Any CPU
		{4DAF155C-36C7-46CA-8C4B-90EE7D98D188}.Release|Any CPU.Build.0 = Release|Any CPU
		{49EF75F0-469B-468E-823D-BD38D1AD991B}.Debug|Any CPU.ActiveCfg = Debug|Any CPU
		{49EF75F0-469B-468E-823D-BD38D1AD991B}.Debug|Any CPU.Build.0 = Debug|Any CPU
		{49EF75F0-469B-468E-823D-BD38D1AD991B}.Release|Any CPU.ActiveCfg = Release|Any CPU
		{49EF75F0-469B-468E-823D-BD38D1AD991B}.Release|Any CPU.Build.0 = Release|Any CPU
		{55DFA82B-E487-4216-931A-DD3C1908418C}.Debug|Any CPU.ActiveCfg = Debug|Any CPU
		{55DFA82B-E487-4216-931A-DD3C1908418C}.Debug|Any CPU.Build.0 = Debug|Any CPU
		{55DFA82B-E487-4216-931A-DD3C1908418C}.Release|Any CPU.ActiveCfg = Release|Any CPU
		{55DFA82B-E487-4216-931A-DD3C1908418C}.Release|Any CPU.Build.0 = Release|Any CPU
		{8CE5B14A-F91D-46F9-BB0A-A0A67CF78870}.Debug|Any CPU.ActiveCfg = Debug|Any CPU
		{8CE5B14A-F91D-46F9-BB0A-A0A67CF78870}.Debug|Any CPU.Build.0 = Debug|Any CPU
		{8CE5B14A-F91D-46F9-BB0A-A0A67CF78870}.Debug|Any CPU.Deploy.0 = Debug|Any CPU
		{8CE5B14A-F91D-46F9-BB0A-A0A67CF78870}.Release|Any CPU.ActiveCfg = Release|Any CPU
		{8CE5B14A-F91D-46F9-BB0A-A0A67CF78870}.Release|Any CPU.Build.0 = Release|Any CPU
		{8CE5B14A-F91D-46F9-BB0A-A0A67CF78870}.Release|Any CPU.Deploy.0 = Release|Any CPU
		{D82510FF-BD0D-440B-B13A-E23DA5C2646A}.Debug|Any CPU.ActiveCfg = Debug|Any CPU
		{D82510FF-BD0D-440B-B13A-E23DA5C2646A}.Debug|Any CPU.Build.0 = Debug|Any CPU
		{D82510FF-BD0D-440B-B13A-E23DA5C2646A}.Release|Any CPU.ActiveCfg = Release|Any CPU
		{D82510FF-BD0D-440B-B13A-E23DA5C2646A}.Release|Any CPU.Build.0 = Release|Any CPU
		{F4F1278C-029E-41BB-AD6C-54BB6469B341}.Debug|Any CPU.ActiveCfg = Debug|Any CPU
		{F4F1278C-029E-41BB-AD6C-54BB6469B341}.Debug|Any CPU.Build.0 = Debug|Any CPU
		{F4F1278C-029E-41BB-AD6C-54BB6469B341}.Release|Any CPU.ActiveCfg = Release|Any CPU
		{F4F1278C-029E-41BB-AD6C-54BB6469B341}.Release|Any CPU.Build.0 = Release|Any CPU
		{1C055631-1FD8-48FA-A1A9-30092AA4B903}.Debug|Any CPU.ActiveCfg = Debug|Any CPU
		{1C055631-1FD8-48FA-A1A9-30092AA4B903}.Debug|Any CPU.Build.0 = Debug|Any CPU
		{1C055631-1FD8-48FA-A1A9-30092AA4B903}.Release|Any CPU.ActiveCfg = Release|Any CPU
		{1C055631-1FD8-48FA-A1A9-30092AA4B903}.Release|Any CPU.Build.0 = Release|Any CPU
		{962DB38A-9B51-4BFF-8870-8CE7F7AEB98C}.Debug|Any CPU.ActiveCfg = Debug|Any CPU
		{962DB38A-9B51-4BFF-8870-8CE7F7AEB98C}.Debug|Any CPU.Build.0 = Debug|Any CPU
		{962DB38A-9B51-4BFF-8870-8CE7F7AEB98C}.Release|Any CPU.ActiveCfg = Release|Any CPU
		{962DB38A-9B51-4BFF-8870-8CE7F7AEB98C}.Release|Any CPU.Build.0 = Release|Any CPU
		{4901BA99-42C1-4BB0-9E56-95D76126DE31}.Debug|Any CPU.ActiveCfg = Debug|Any CPU
		{4901BA99-42C1-4BB0-9E56-95D76126DE31}.Debug|Any CPU.Build.0 = Debug|Any CPU
		{4901BA99-42C1-4BB0-9E56-95D76126DE31}.Release|Any CPU.ActiveCfg = Release|Any CPU
		{4901BA99-42C1-4BB0-9E56-95D76126DE31}.Release|Any CPU.Build.0 = Release|Any CPU
	EndGlobalSection
	GlobalSection(SolutionProperties) = preSolution
		HideSolutionNode = FALSE
	EndGlobalSection
	GlobalSection(NestedProjects) = preSolution
		{F4F1278C-029E-41BB-AD6C-54BB6469B341} = {106BF336-3945-4950-9552-61930CE1882F}
		{962DB38A-9B51-4BFF-8870-8CE7F7AEB98C} = {106BF336-3945-4950-9552-61930CE1882F}
		{4901BA99-42C1-4BB0-9E56-95D76126DE31} = {106BF336-3945-4950-9552-61930CE1882F}
		{4DAF155C-36C7-46CA-8C4B-90EE7D98D188} = {DE8FE107-9C46-466F-937D-160CF2EF5599}
		{49EF75F0-469B-468E-823D-BD38D1AD991B} = {DE8FE107-9C46-466F-937D-160CF2EF5599}
		{55DFA82B-E487-4216-931A-DD3C1908418C} = {DE8FE107-9C46-466F-937D-160CF2EF5599}
		{8CE5B14A-F91D-46F9-BB0A-A0A67CF78870} = {DE8FE107-9C46-466F-937D-160CF2EF5599}
		{D82510FF-BD0D-440B-B13A-E23DA5C2646A} = {DE8FE107-9C46-466F-937D-160CF2EF5599}
		{1C055631-1FD8-48FA-A1A9-30092AA4B903} = {DE8FE107-9C46-466F-937D-160CF2EF5599}
	EndGlobalSection
EndGlobal
